<?xml version="1.0" encoding="UTF-8" standalone="yes" ?>
<CodeBlocks_project_file>
	<FileVersion major="1" minor="6" />
	<Project>
		<Option title="dateTreeLab8" />
		<Option pch_mode="2" />
		<Option compiler="gcc" />
		<Build>
			<Target title="Debug">
				<Option output="bin/Debug/dateTreeLab8" prefix_auto="1" extension_auto="1" />
				<Option object_output="obj/Debug/" />
				<Option type="1" />
				<Option compiler="gcc" />
				<Compiler>
					<Add option="-g" />
					<Add directory=".." />
				</Compiler>
			</Target>
			<Target title="Release">
				<Option output="bin/Release/dateTreeLab8" prefix_auto="1" extension_auto="1" />
				<Option object_output="obj/Release/" />
				<Option type="1" />
				<Option compiler="gcc" />
				<Compiler>
					<Add option="-O2" />
				</Compiler>
				<Linker>
					<Add option="-s" />
				</Linker>
			</Target>
		</Build>
		<Compiler>
			<Add option="-Wall" />
			<Add option="-fexceptions" />
		</Compiler>
		<Unit filename="CSVParser.CPP" />
		<Unit filename="CSVParser.H">
			<Option target="Release" />
		</Unit>
		<Unit filename="DMyParser.CPP" />
		<Unit filename="DMyParser.H">
			<Option target="Release" />
		</Unit>
		<Unit filename="DataSourceFactory.CPP" />
		<Unit filename="DataSourceFactory.H">
			<Option target="Release" />
		</Unit>
		<Unit filename="Date.CPP" />
		<Unit filename="Date.H" />
		<Unit filename="DateTimeParserFactory.CPP" />
		<Unit filename="DateTimeParserFactory.H">
			<Option target="Release" />
		</Unit>
		<Unit filename="IDataSource.H" />
		<Unit filename="IDateTimeParser.H" />
		<Unit filename="Main.CPP" />
		<Unit filename="Map.H" />
		<Unit filename="Time.CPP" />
		<Unit filename="Time.H">
			<Option target="Release" />
		</Unit>
		<Unit filename="Vector.H" />
		<Unit filename="WeatherFormat.CPP" />
		<Unit filename="WeatherFormat.H">
			<Option target="Release" />
		</Unit>
		<Extensions>
			<lib_finder disable_auto="1" />
			<code_completion />
			<envvars />
			<debugger />
		</Extensions>
	</Project>
</CodeBlocks_project_file>
